// !$*UTF8*$!
{
	archiveVersion = 1;
	classes = {
	};
	objectVersion = 50;
	objects = {

/* Begin PBXFileReference section */
		2A0879562F38585000546D19 /* ESP32WashingMachine.ino */ = {isa = PBXFileReference; lastKnownFileType = text; name = ESP32WashingMachine.ino; path = ESP32WashingMachine/ESP32WashingMachine.ino; sourceTree = "<group>"; };
		2ABDFA182F66420300BB8278 /* app.html */ = {isa = PBXFileReference; lastKnownFileType = text.html; path = app.html; sourceTree = "<group>"; };
/* End PBXFileReference section */

/* Begin PBXGroup section */
		2A08794F2F38579800546D19 = {
			isa = PBXGroup;
			children = (
				2ABDFA182F66420300BB8278 /* app.html */,
				2A0879562F38585000546D19 /* ESP32WashingMachine.ino */,
			);
			sourceTree = "<group>";
		};
/* End PBXGroup section */

/* Begin PBXProject section */
		2A0879502F38579800546D19 /* Project object */ = {
			isa = PBXProject;
			attributes = {
				LastUpgradeCheck = 1010;
			};
			buildConfigurationList = 2A0879532F38579800546D19 /* Build configuration list for PBXProject "WashingMachine" */;
			compatibilityVersion = "Xcode 9.3";
			developmentRegion = en;
			hasScannedForEncodings = 0;
			knownRegions = (
				en,
			);
			mainGroup = 2A08794F2F38579800546D19;
			projectDirPath = "";
			projectRoot = "";
			targets = (
			);
		};
/* End PBXProject section */

/* Begin XCBuildConfiguration section */
		2A0879542F38579800546D19 /* Debug */ = {
			isa = XCBuildConfiguration;
			buildSettings = {
			};
			name = Debug;
		};
		2A0879552F38579800546D19 /* Release */ = {
			isa = XCBuildConfiguration;
			buildSettings = {
			};
			name = Release;
		};
/* End XCBuildConfiguration section */

/* Begin XCConfigurationList section */
		2A0879532F38579800546D19 /* Build configuration list for PBXProject "WashingMachine" */ = {
			isa = XCConfigurationList;
			buildConfigurations = (
				2A0879542F38579800546D19 /* Debug */,
				2A0879552F38579800546D19 /* Release */,
			);
			defaultConfigurationIsVisible = 0;
			defaultConfigurationName = Release;
		};
/* End XCConfigurationList section */
	};
	rootObject = 2A0879502F38579800546D19 /* Project object */;
}
